
Microsoft Visual Studio Solution File, Format Version 12.00
# Visual Studio Version 16
VisualStudioVersion = 16.0.31605.320
MinimumVisualStudioVersion = 10.0.40219.1
Project("{8BC9CEB8-8B4A-11D0-8D11-00A0C91BC942}") = "C-Code", "C-Code.vcxproj", "{0097210B-6B4C-4528-90F7-28DC333772CF}"
EndProject
Global
	GlobalSection(SolutionConfigurationPlatforms) = preSolution
		Debug|x64 = Debug|x64
		Debug|x86 = Debug|x86
		Release|x64 = Release|x64
		Release|x86 = Release|x86
	EndGlobalSection
	GlobalSection(ProjectConfigurationPlatforms) = postSolution
		{0097210B-6B4C-4528-90F7-28DC333772CF}.Debug|x64.ActiveCfg = Debug|x64
		{0097210B-6B4C-4528-90F7-28DC333772CF}.Debug|x64.Build.0 = Debug|x64
		{0097210B-6B4C-4528-90F7-28DC333772CF}.Debug|x86.ActiveCfg = Debug|Win32
		{0097210B-6B4C-4528-90F7-28DC333772CF}.Debug|x86.Build.0 = Debug|Win32
		{0097210B-6B4C-4528-90F7-28DC333772CF}.Release|x64.ActiveCfg = Release|x64
		{0097210B-6B4C-4528-90F7-28DC333772CF}.Release|x64.Build.0 = Release|x64
		{0097210B-6B4C-4528-90F7-28DC333772CF}.Release|x86.ActiveCfg = Release|Win32
		{0097210B-6B4C-4528-90F7-28DC333772CF}.Release|x86.Build.0 = Release|Win32
	EndGlobalSection
	GlobalSection(SolutionProperties) = preSolution
		HideSolutionNode = FALSE
	EndGlobalSection
	GlobalSection(ExtensibilityGlobals) = postSolution
		SolutionGuid = {D42A6D35-5080-4B03-A977-17AEC5B1ED3D}
	EndGlobalSection
EndGlobal
